
Microsoft Visual Studio Solution File, Format Version 12.00
# Visual Studio Version 16
VisualStudioVersion = 16.0.31702.278
MinimumVisualStudioVersion = 10.0.40219.1
Project("{FAE04EC0-301F-11D3-BF4B-00C04F79EFBC}") = "ProyectoWebG5-19", "ProyectoWebG5-19\ProyectoWebG5-19.csproj", "{30C8422B-B3F1-473F-A58A-8B07A6C37A7A}"
EndProject
Global
	GlobalSection(SolutionConfigurationPlatforms) = preSolution
		Debug|Any CPU = Debug|Any CPU
		Release|Any CPU = Release|Any CPU
	EndGlobalSection
	GlobalSection(ProjectConfigurationPlatforms) = postSolution
		{30C8422B-B3F1-473F-A58A-8B07A6C37A7A}.Debug|Any CPU.ActiveCfg = Debug|Any CPU
		{30C8422B-B3F1-473F-A58A-8B07A6C37A7A}.Debug|Any CPU.Build.0 = Debug|Any CPU
		{30C8422B-B3F1-473F-A58A-8B07A6C37A7A}.Release|Any CPU.ActiveCfg = Release|Any CPU
		{30C8422B-B3F1-473F-A58A-8B07A6C37A7A}.Release|Any CPU.Build.0 = Release|Any CPU
	EndGlobalSection
	GlobalSection(SolutionProperties) = preSolution
		HideSolutionNode = FALSE
	EndGlobalSection
	GlobalSection(ExtensibilityGlobals) = postSolution
		SolutionGuid = {2D181E50-5550-4715-8B1F-ADB6DDAF8458}
	EndGlobalSection
	GlobalSection(TeamFoundationVersionControl) = preSolution
		SccNumberOfProjects = 2
		SccEnterpriseProvider = {4CA58AB2-18FA-4F8D-95D4-32DDF27D184C}
		SccTeamFoundationServer = https://dev.azure.com/g5-19
		SccLocalPath0 = .
		SccProjectUniqueName1 = ProyectoWebG5-19\\ProyectoWebG5-19.csproj
		SccProjectName1 = ProyectoWebG5-19
		SccLocalPath1 = ProyectoWebG5-19
	EndGlobalSection
EndGlobal
